// !$*UTF8*$!
{
	archiveVersion = 1;
	classes = {
	};
	objectVersion = 77;
	objects = {

/* Begin PBXBuildFile section */
		008F07F828D0A3B50064A7B2 /* AutoCopyApp.swift in Sources */ = {isa = PBXBuildFile; fileRef = 008F07F928D0A3B50064A7B2 /* AutoCopyApp.swift */; };
		008F07FA28D0A3BF0064A7B2 /* Core/Constants.swift in Sources */ = {isa = PBXBuildFile; fileRef = 008F07FB28D0A3BF0064A7B2 /* Core/Constants.swift */; };
		008F07FC28D0A3C80064A7B2 /* Core/Types.swift in Sources */ = {isa = PBXBuildFile; fileRef = 008F07FD28D0A3C80064A7B2 /* Core/Types.swift */; };
		008F07FE28D0A3D20064A7B2 /* Resources/Assets.xcassets in Resources */ = {isa = PBXBuildFile; fileRef = 008F07FF28D0A3D20064A7B2 /* Resources/Assets.xcassets */; };
		100000000000000000000001 /* Core/AppCoordinator.swift in Sources */ = {isa = PBXBuildFile; fileRef = 100000000000000000000002 /* Core/AppCoordinator.swift */; };
		100000000000000000000003 /* Core/ConfigManager.swift in Sources */ = {isa = PBXBuildFile; fileRef = 100000000000000000000004 /* Core/ConfigManager.swift */; };
		100000000000000000000005 /* Core/InstanceManager.swift in Sources */ = {isa = PBXBuildFile; fileRef = 100000000000000000000006 /* Core/InstanceManager.swift */; };
		100000000000000000000007 /* Core/LogManager.swift in Sources */ = {isa = PBXBuildFile; fileRef = 100000000000000000000008 /* Core/LogManager.swift */; };
		100000000000000000000013 /* Features/AutoStartManager.swift in Sources */ = {isa = PBXBuildFile; fileRef = 100000000000000000000014 /* Features/AutoStartManager.swift */; };
		100000000000000000000015 /* Features/ClickDetector.swift in Sources */ = {isa = PBXBuildFile; fileRef = 100000000000000000000016 /* Features/ClickDetector.swift */; };
		100000000000000000000017 /* Features/ClipboardManager.swift in Sources */ = {isa = PBXBuildFile; fileRef = 100000000000000000000018 /* Features/ClipboardManager.swift */; };
		100000000000000000000019 /* Features/EventListener.swift in Sources */ = {isa = PBXBuildFile; fileRef = 100000000000000000000020 /* Features/EventListener.swift */; };
		100000000000000000000021 /* Features/ToastManager.swift in Sources */ = {isa = PBXBuildFile; fileRef = 100000000000000000000022 /* Features/ToastManager.swift */; };
		100000000000000000000025 /* UI/StatusBarManager.swift in Sources */ = {isa = PBXBuildFile; fileRef = 100000000000000000000026 /* UI/StatusBarManager.swift */; };
		100000000000000000000034 /* Core/PermissionManager.swift in Sources */ = {isa = PBXBuildFile; fileRef = 100000000000000000000033 /* Core/PermissionManager.swift */; };
/* End PBXBuildFile section */

/* Begin PBXFileReference section */
		008F07F328D0A3A70064A7B2 /* AutoCopy.app */ = {isa = PBXFileReference; explicitFileType = wrapper.application; includeInIndex = 0; path = AutoCopy.app; sourceTree = BUILT_PRODUCTS_DIR; };
		008F07F928D0A3B50064A7B2 /* AutoCopyApp.swift */ = {isa = PBXFileReference; lastKnownFileType = sourcecode.swift; path = AutoCopyApp.swift; sourceTree = "<group>"; };
		008F07FB28D0A3BF0064A7B2 /* Core/Constants.swift */ = {isa = PBXFileReference; lastKnownFileType = sourcecode.swift; path = Core/Constants.swift; sourceTree = "<group>"; };
		008F07FD28D0A3C80064A7B2 /* Core/Types.swift */ = {isa = PBXFileReference; lastKnownFileType = sourcecode.swift; path = Core/Types.swift; sourceTree = "<group>"; };
		008F07FF28D0A3D20064A7B2 /* Resources/Assets.xcassets */ = {isa = PBXFileReference; lastKnownFileType = folder.assetcatalog; path = Resources/Assets.xcassets; sourceTree = "<group>"; };
		008F080128D0A3DA0064A7B2 /* Info.plist */ = {isa = PBXFileReference; lastKnownFileType = text.plist.xml; path = Info.plist; sourceTree = "<group>"; };
		100000000000000000000002 /* Core/AppCoordinator.swift */ = {isa = PBXFileReference; lastKnownFileType = sourcecode.swift; path = Core/AppCoordinator.swift; sourceTree = "<group>"; };
		100000000000000000000004 /* Core/ConfigManager.swift */ = {isa = PBXFileReference; lastKnownFileType = sourcecode.swift; path = Core/ConfigManager.swift; sourceTree = "<group>"; };
		100000000000000000000006 /* Core/InstanceManager.swift */ = {isa = PBXFileReference; lastKnownFileType = sourcecode.swift; path = Core/InstanceManager.swift; sourceTree = "<group>"; };
		100000000000000000000008 /* Core/LogManager.swift */ = {isa = PBXFileReference; lastKnownFileType = sourcecode.swift; path = Core/LogManager.swift; sourceTree = "<group>"; };
		100000000000000000000014 /* Features/AutoStartManager.swift */ = {isa = PBXFileReference; lastKnownFileType = sourcecode.swift; path = Features/AutoStartManager.swift; sourceTree = "<group>"; };
		100000000000000000000016 /* Features/ClickDetector.swift */ = {isa = PBXFileReference; lastKnownFileType = sourcecode.swift; path = Features/ClickDetector.swift; sourceTree = "<group>"; };
		100000000000000000000018 /* Features/ClipboardManager.swift */ = {isa = PBXFileReference; lastKnownFileType = sourcecode.swift; path = Features/ClipboardManager.swift; sourceTree = "<group>"; };
		100000000000000000000020 /* Features/EventListener.swift */ = {isa = PBXFileReference; lastKnownFileType = sourcecode.swift; path = Features/EventListener.swift; sourceTree = "<group>"; };
		100000000000000000000022 /* Features/ToastManager.swift */ = {isa = PBXFileReference; lastKnownFileType = sourcecode.swift; path = Features/ToastManager.swift; sourceTree = "<group>"; };
		100000000000000000000026 /* UI/StatusBarManager.swift */ = {isa = PBXFileReference; lastKnownFileType = sourcecode.swift; path = UI/StatusBarManager.swift; sourceTree = "<group>"; };
		100000000000000000000033 /* Core/PermissionManager.swift */ = {isa = PBXFileReference; lastKnownFileType = sourcecode.swift; path = Core/PermissionManager.swift; sourceTree = "<group>"; };
/* End PBXFileReference section */

/* Begin PBXGroup section */
		008F07ED28D0A3A70064A7B2 = {
			isa = PBXGroup;
			children = (
				008F07F428D0A3A70064A7B2 /* Products */,
				008F080028D0A3D60064A7B2 /* AutoCopy */,
			);
			sourceTree = "<group>";
		};
		008F07F428D0A3A70064A7B2 /* Products */ = {
			isa = PBXGroup;
			children = (
				008F07F328D0A3A70064A7B2 /* AutoCopy.app */,
			);
			name = Products;
			sourceTree = "<group>";
		};
		008F080028D0A3D60064A7B2 /* AutoCopy */ = {
			isa = PBXGroup;
			children = (
				008F07F928D0A3B50064A7B2 /* AutoCopyApp.swift */,
				008F080428D0A4250064A7B2 /* Core */,
				100000000000000000000031 /* Features */,
				100000000000000000000032 /* UI */,
				008F080528D0A42B0064A7B2 /* Resources */,
			);
			path = AutoCopy;
			sourceTree = "<group>";
		};
		008F080428D0A4250064A7B2 /* Core */ = {
			isa = PBXGroup;
			children = (
				100000000000000000000002 /* Core/AppCoordinator.swift */,
				100000000000000000000004 /* Core/ConfigManager.swift */,
				008F07FB28D0A3BF0064A7B2 /* Core/Constants.swift */,
				100000000000000000000006 /* Core/InstanceManager.swift */,
				100000000000000000000008 /* Core/LogManager.swift */,
				100000000000000000000033 /* Core/PermissionManager.swift */,
				008F07FD28D0A3C80064A7B2 /* Core/Types.swift */,
			);
			name = Core;
			sourceTree = "<group>";
		};
		008F080528D0A42B0064A7B2 /* Resources */ = {
			isa = PBXGroup;
			children = (
				008F07FF28D0A3D20064A7B2 /* Resources/Assets.xcassets */,
				008F080128D0A3DA0064A7B2 /* Info.plist */,
			);
			name = Resources;
			sourceTree = "<group>";
		};
		100000000000000000000031 /* Features */ = {
			isa = PBXGroup;
			children = (
				100000000000000000000014 /* Features/AutoStartManager.swift */,
				100000000000000000000016 /* Features/ClickDetector.swift */,
				100000000000000000000018 /* Features/ClipboardManager.swift */,
				100000000000000000000020 /* Features/EventListener.swift */,
				100000000000000000000022 /* Features/ToastManager.swift */,
			);
			name = Features;
			sourceTree = "<group>";
		};
		100000000000000000000032 /* UI */ = {
			isa = PBXGroup;
			children = (
				100000000000000000000026 /* UI/StatusBarManager.swift */,
			);
			name = UI;
			sourceTree = "<group>";
		};
/* End PBXGroup section */

/* Begin PBXNativeTarget section */
		008F07F228D0A3A70064A7B2 /* AutoCopy */ = {
			isa = PBXNativeTarget;
			buildConfigurationList = 008F07F528D0A3A70064A7B2 /* Build configuration list for PBXNativeTarget "AutoCopy" */;
			buildPhases = (
				008F07F028D0A3A70064A7B2 /* Sources */,
				008F07F128D0A3A70064A7B2 /* Resources */,
			);
			buildRules = (
			);
			dependencies = (
			);
			name = AutoCopy;
			productName = AutoCopy;
			productReference = 008F07F328D0A3A70064A7B2 /* AutoCopy.app */;
			productType = "com.apple.product-type.application";
		};
/* End PBXNativeTarget section */

/* Begin PBXProject section */
		008F07EE28D0A3A70064A7B2 /* Project object */ = {
			isa = PBXProject;
			attributes = {
				BuildIndependentTargetsInParallel = 1;
				LastSwiftUpdateCheck = 2640;
				LastUpgradeCheck = 2640;
				TargetAttributes = {
					008F07F228D0A3A70064A7B2 = {
						CreatedOnToolsVersion = 2640;
					};
				};
			};
			buildConfigurationList = 008F07EF28D0A3A70064A7B2 /* Build configuration list for PBXProject "AutoCopy" */;
			developmentRegion = en;
			hasScannedForEncodings = 0;
			knownRegions = (
				en,
				Base,
			);
			mainGroup = 008F07ED28D0A3A70064A7B2;
			preferredProjectObjectVersion = 77;
			productRefGroup = 008F07F428D0A3A70064A7B2 /* Products */;
			projectDirPath = "";
			projectRoot = "";
			targets = (
				008F07F228D0A3A70064A7B2 /* AutoCopy */,
			);
		};
/* End PBXProject section */

/* Begin PBXResourcesBuildPhase section */
		008F07F128D0A3A70064A7B2 /* Resources */ = {
			isa = PBXResourcesBuildPhase;
			buildActionMask = 2147483647;
			files = (
				008F07FE28D0A3D20064A7B2 /* Resources/Assets.xcassets in Resources */,
			);
			runOnlyForDeploymentPostprocessing = 0;
		};
/* End PBXResourcesBuildPhase section */

/* Begin PBXSourcesBuildPhase section */
		008F07F028D0A3A70064A7B2 /* Sources */ = {
			isa = PBXSourcesBuildPhase;
			buildActionMask = 2147483647;
			files = (
				008F07F828D0A3B50064A7B2 /* AutoCopyApp.swift in Sources */,
				008F07FA28D0A3BF0064A7B2 /* Core/Constants.swift in Sources */,
				008F07FC28D0A3C80064A7B2 /* Core/Types.swift in Sources */,
				100000000000000000000001 /* Core/AppCoordinator.swift in Sources */,
				100000000000000000000003 /* Core/ConfigManager.swift in Sources */,
				100000000000000000000005 /* Core/InstanceManager.swift in Sources */,
				100000000000000000000007 /* Core/LogManager.swift in Sources */,
				100000000000000000000013 /* Features/AutoStartManager.swift in Sources */,
				100000000000000000000015 /* Features/ClickDetector.swift in Sources */,
				100000000000000000000017 /* Features/ClipboardManager.swift in Sources */,
				100000000000000000000019 /* Features/EventListener.swift in Sources */,
				100000000000000000000021 /* Features/ToastManager.swift in Sources */,
				100000000000000000000025 /* UI/StatusBarManager.swift in Sources */,
				100000000000000000000034 /* Core/PermissionManager.swift in Sources */,
			);
			runOnlyForDeploymentPostprocessing = 0;
		};
/* End PBXSourcesBuildPhase section */

/* Begin XCBuildConfiguration section */
		008F07F628D0A3A70064A7B2 /* Debug */ = {
			isa = XCBuildConfiguration;
			buildSettings = {
				ARCHS = arm64;
				ASSETCATALOG_COMPILER_APPICON_NAME = AppIcon;
				CLANG_ANALYZER_NONNULL = YES;
				CLANG_ANALYZER_NUMBER_OBJECT_CONVERSION = YES_AGGRESSIVE;
				CLANG_CXX_LANGUAGE_STANDARD = "gnu++20";
				CLANG_ENABLE_MODULES = YES;
				CLANG_ENABLE_OBJC_ARC = YES;
				CLANG_ENABLE_OBJC_WEAK = YES;
				CLANG_WARN_BLOCK_CAPTURE_AUTORELEASING = YES;
				CLANG_WARN_BOOL_CONVERSION = YES;
				CLANG_WARN_COMMA = YES;
				CLANG_WARN_CONSTANT_CONVERSION = YES;
				CLANG_WARN_DEPRECATED_OBJC_IMPLEMENTATIONS = YES;
				CLANG_WARN_DIRECT_OBJC_ISA_USAGE = YES_ERROR;
				CLANG_WARN_DOCUMENTATION_COMMENTS = YES;
				CLANG_WARN_EMPTY_BODY = YES;
				CLANG_WARN_ENUM_CONVERSION = YES;
				CLANG_WARN_INFINITE_RECURSION = YES;
				CLANG_WARN_INT_CONVERSION = YES;
				CLANG_WARN_NON_LITERAL_NULL_CONVERSION = YES;
				CLANG_WARN_OBJC_IMPLICIT_RETAIN_SELF = YES;
				CLANG_WARN_OBJC_LITERAL_CONVERSION = YES;
				CLANG_WARN_OBJC_ROOT_CLASS = YES_ERROR;
				CLANG_WARN_QUOTED_INCLUDE_IN_FRAMEWORK_HEADER = YES;
				CLANG_WARN_RANGE_LOOP_ANALYSIS = YES;
				CLANG_WARN_STRICT_PROTOTYPES = YES;
				CLANG_WARN_SUSPICIOUS_MOVE = YES;
				CLANG_WARN_UNGUARDED_AVAILABILITY = YES_AGGRESSIVE;
				CLANG_WARN_UNREACHABLE_CODE = YES;
				CLANG_WARN__DUPLICATE_METHOD_MATCH = YES;
				CODE_SIGN_IDENTITY = "Apple Development";
				"CODE_SIGN_IDENTITY[sdk=macosx*]" = "-";
				CODE_SIGN_STYLE = Automatic;
				COPY_PHASE_STRIP = NO;
				CURRENT_PROJECT_VERSION = 1;
				DEAD_CODE_STRIPPING = YES;
				DEBUG_INFORMATION_FORMAT = dwarf;
				DEVELOPMENT_TEAM = "";
				ENABLE_HARDENED_RUNTIME = YES;
				ENABLE_STRICT_OBJC_MSGSEND = YES;
				ENABLE_TESTABILITY = YES;
				EXCLUDED_ARCHS = x86_64;
				GCC_C_LANGUAGE_STANDARD = gnu17;
				GCC_DYNAMIC_NO_PIC = NO;
				GCC_OPTIMIZATION_LEVEL = 0;
				GCC_PREPROCESSOR_DEFINITIONS = (
					"DEBUG=1",
					"$(inherited)",
				);
				GCC_WARN_64_TO_32_BIT_CONVERSION = YES;
				GCC_WARN_ABOUT_RETURN_TYPE = YES_ERROR;
				GCC_WARN_UNDECLARED_SELECTOR = YES;
				GCC_WARN_UNINITIALIZED_AUTOS = YES_AGGRESSIVE;
				GCC_WARN_UNUSED_FUNCTION = YES;
				GCC_WARN_UNUSED_VARIABLE = YES;
				INFOPLIST_FILE = AutoCopy/Resources/Info.plist;
				LD_RUNPATH_SEARCH_PATHS = (
					"$(inherited)",
					"@executable_path/../Frameworks",
				);
				MACOSX_DEPLOYMENT_TARGET = 13.0;
				ONLY_ACTIVE_ARCH = YES;
				PRODUCT_BUNDLE_IDENTIFIER = com.yyyyyyh.AutoCopy;
				PRODUCT_NAME = "$(TARGET_NAME)";
				PROVISIONING_PROFILE_SPECIFIER = "";
				SWIFT_ACTIVE_COMPILATION_CONDITIONS = DEBUG;
				SWIFT_EMIT_LOC_STRINGS = YES;
				SWIFT_OPTIMIZATION_LEVEL = "-Onone";
				SWIFT_USES_SINGLE_MODULE = YES;
				SWIFT_VERSION = 5.10;
			};
			name = Debug;
		};
		008F07F728D0A3A70064A7B2 /* Release */ = {
			isa = XCBuildConfiguration;
			buildSettings = {
				ARCHS = arm64;
				ASSETCATALOG_COMPILER_APPICON_NAME = AppIcon;
				CLANG_ANALYZER_NONNULL = YES;
				CLANG_ANALYZER_NUMBER_OBJECT_CONVERSION = YES_AGGRESSIVE;
				CLANG_CXX_LANGUAGE_STANDARD = "gnu++20";
				CLANG_ENABLE_MODULES = YES;
				CLANG_ENABLE_OBJC_ARC = YES;
				CLANG_ENABLE_OBJC_WEAK = YES;
				CLANG_WARN_BLOCK_CAPTURE_AUTORELEASING = YES;
				CLANG_WARN_BOOL_CONVERSION = YES;
				CLANG_WARN_COMMA = YES;
				CLANG_WARN_CONSTANT_CONVERSION = YES;
				CLANG_WARN_DEPRECATED_OBJC_IMPLEMENTATIONS = YES;
				CLANG_WARN_DIRECT_OBJC_ISA_USAGE = YES_ERROR;
				CLANG_WARN_DOCUMENTATION_COMMENTS = YES;
				CLANG_WARN_EMPTY_BODY = YES;
				CLANG_WARN_ENUM_CONVERSION = YES;
				CLANG_WARN_INFINITE_RECURSION = YES;
				CLANG_WARN_INT_CONVERSION = YES;
				CLANG_WARN_NON_LITERAL_NULL_CONVERSION = YES;
				CLANG_WARN_OBJC_IMPLICIT_RETAIN_SELF = YES;
				CLANG_WARN_OBJC_LITERAL_CONVERSION = YES;
				CLANG_WARN_OBJC_ROOT_CLASS = YES_ERROR;
				CLANG_WARN_QUOTED_INCLUDE_IN_FRAMEWORK_HEADER = YES;
				CLANG_WARN_RANGE_LOOP_ANALYSIS = YES;
				CLANG_WARN_STRICT_PROTOTYPES = YES;
				CLANG_WARN_SUSPICIOUS_MOVE = YES;
				CLANG_WARN_UNGUARDED_AVAILABILITY = YES_AGGRESSIVE;
				CLANG_WARN_UNREACHABLE_CODE = YES;
				CLANG_WARN__DUPLICATE_METHOD_MATCH = YES;
				CODE_SIGN_IDENTITY = "Apple Development";
				"CODE_SIGN_IDENTITY[sdk=macosx*]" = "-";
				CODE_SIGN_STYLE = Automatic;
				COPY_PHASE_STRIP = YES;
				CURRENT_PROJECT_VERSION = 1;
				DEAD_CODE_STRIPPING = YES;
				DEBUG_INFORMATION_FORMAT = "dwarf-with-dsym";
				DEVELOPMENT_TEAM = "";
				ENABLE_HARDENED_RUNTIME = YES;
				ENABLE_STRICT_OBJC_MSGSEND = YES;
				EXCLUDED_ARCHS = x86_64;
				GCC_C_LANGUAGE_STANDARD = gnu17;
				GCC_PREPROCESSOR_DEFINITIONS = "$(inherited)";
				GCC_WARN_64_TO_32_BIT_CONVERSION = YES;
				GCC_WARN_ABOUT_RETURN_TYPE = YES_ERROR;
				GCC_WARN_UNDECLARED_SELECTOR = YES;
				GCC_WARN_UNINITIALIZED_AUTOS = YES_AGGRESSIVE;
				GCC_WARN_UNUSED_FUNCTION = YES;
				GCC_WARN_UNUSED_VARIABLE = YES;
				INFOPLIST_FILE = AutoCopy/Resources/Info.plist;
				LD_RUNPATH_SEARCH_PATHS = (
					"$(inherited)",
					"@executable_path/../Frameworks",
				);
				MACOSX_DEPLOYMENT_TARGET = 13.0;
				PRODUCT_BUNDLE_IDENTIFIER = com.yyyyyyh.AutoCopy;
				PRODUCT_NAME = "$(TARGET_NAME)";
				PROVISIONING_PROFILE_SPECIFIER = "";
				SWIFT_EMIT_LOC_STRINGS = YES;
				SWIFT_USES_SINGLE_MODULE = YES;
				SWIFT_VERSION = 5.10;
			};
			name = Release;
		};
		008F080228D0A4170064A7B2 /* Debug */ = {
			isa = XCBuildConfiguration;
			buildSettings = {
				ARCHS = arm64;
				EXCLUDED_ARCHS = x86_64;
				MACOSX_DEPLOYMENT_TARGET = 13.0;
			};
			name = Debug;
		};
		008F080328D0A4170064A7B2 /* Release */ = {
			isa = XCBuildConfiguration;
			buildSettings = {
				ARCHS = arm64;
				EXCLUDED_ARCHS = x86_64;
				MACOSX_DEPLOYMENT_TARGET = 13.0;
			};
			name = Release;
		};
/* End XCBuildConfiguration section */

/* Begin XCConfigurationList section */
		008F07EF28D0A3A70064A7B2 /* Build configuration list for PBXProject "AutoCopy" */ = {
			isa = XCConfigurationList;
			buildConfigurations = (
				008F080228D0A4170064A7B2 /* Debug */,
				008F080328D0A4170064A7B2 /* Release */,
			);
			defaultConfigurationIsVisible = 0;
			defaultConfigurationName = Release;
		};
		008F07F528D0A3A70064A7B2 /* Build configuration list for PBXNativeTarget "AutoCopy" */ = {
			isa = XCConfigurationList;
			buildConfigurations = (
				008F07F628D0A3A70064A7B2 /* Debug */,
				008F07F728D0A3A70064A7B2 /* Release */,
			);
			defaultConfigurationIsVisible = 0;
			defaultConfigurationName = Release;
		};
/* End XCConfigurationList section */
	};
	rootObject = 008F07EE28D0A3A70064A7B2 /* Project object */;
}
